
Microsoft Visual Studio Solution File, Format Version 12.00
# Visual Studio 15
VisualStudioVersion = 15.0.28010.2041
MinimumVisualStudioVersion = 10.0.40219.1
Project("{6EC3EE1D-3C4E-46DD-8F32-0CC8E7565705}") = "RPN", "src\RPN\RPN.fsproj", "{5F033D1C-3F1B-46F0-8595-A1A84582B07C}"
EndProject
Project("{6EC3EE1D-3C4E-46DD-8F32-0CC8E7565705}") = "InfixNotation", "src\InfixNotation\InfixNotation.fsproj", "{FE7D722C-63D5-4C05-BF5E-FED2274401D8}"
EndProject
Global
	GlobalSection(SolutionConfigurationPlatforms) = preSolution
		Debug|Any CPU = Debug|Any CPU
		Debug|x64 = Debug|x64
		Debug|x86 = Debug|x86
		Release|Any CPU = Release|Any CPU
		Release|x64 = Release|x64
		Release|x86 = Release|x86
	EndGlobalSection
	GlobalSection(ProjectConfigurationPlatforms) = postSolution
		{5F033D1C-3F1B-46F0-8595-A1A84582B07C}.Debug|Any CPU.ActiveCfg = Debug|Any CPU
		{5F033D1C-3F1B-46F0-8595-A1A84582B07C}.Debug|Any CPU.Build.0 = Debug|Any CPU
		{5F033D1C-3F1B-46F0-8595-A1A84582B07C}.Debug|x64.ActiveCfg = Debug|Any CPU
		{5F033D1C-3F1B-46F0-8595-A1A84582B07C}.Debug|x64.Build.0 = Debug|Any CPU
		{5F033D1C-3F1B-46F0-8595-A1A84582B07C}.Debug|x86.ActiveCfg = Debug|Any CPU
		{5F033D1C-3F1B-46F0-8595-A1A84582B07C}.Debug|x86.Build.0 = Debug|Any CPU
		{5F033D1C-3F1B-46F0-8595-A1A84582B07C}.Release|Any CPU.ActiveCfg = Release|Any CPU
		{5F033D1C-3F1B-46F0-8595-A1A84582B07C}.Release|Any CPU.Build.0 = Release|Any CPU
		{5F033D1C-3F1B-46F0-8595-A1A84582B07C}.Release|x64.ActiveCfg = Release|Any CPU
		{5F033D1C-3F1B-46F0-8595-A1A84582B07C}.Release|x64.Build.0 = Release|Any CPU
		{5F033D1C-3F1B-46F0-8595-A1A84582B07C}.Release|x86.ActiveCfg = Release|Any CPU
		{5F033D1C-3F1B-46F0-8595-A1A84582B07C}.Release|x86.Build.0 = Release|Any CPU
		{FE7D722C-63D5-4C05-BF5E-FED2274401D8}.Debug|Any CPU.ActiveCfg = Debug|Any CPU
		{FE7D722C-63D5-4C05-BF5E-FED2274401D8}.Debug|Any CPU.Build.0 = Debug|Any CPU
		{FE7D722C-63D5-4C05-BF5E-FED2274401D8}.Debug|x64.ActiveCfg = Debug|Any CPU
		{FE7D722C-63D5-4C05-BF5E-FED2274401D8}.Debug|x64.Build.0 = Debug|Any CPU
		{FE7D722C-63D5-4C05-BF5E-FED2274401D8}.Debug|x86.ActiveCfg = Debug|Any CPU
		{FE7D722C-63D5-4C05-BF5E-FED2274401D8}.Debug|x86.Build.0 = Debug|Any CPU
		{FE7D722C-63D5-4C05-BF5E-FED2274401D8}.Release|Any CPU.ActiveCfg = Release|Any CPU
		{FE7D722C-63D5-4C05-BF5E-FED2274401D8}.Release|Any CPU.Build.0 = Release|Any CPU
		{FE7D722C-63D5-4C05-BF5E-FED2274401D8}.Release|x64.ActiveCfg = Release|Any CPU
		{FE7D722C-63D5-4C05-BF5E-FED2274401D8}.Release|x64.Build.0 = Release|Any CPU
		{FE7D722C-63D5-4C05-BF5E-FED2274401D8}.Release|x86.ActiveCfg = Release|Any CPU
		{FE7D722C-63D5-4C05-BF5E-FED2274401D8}.Release|x86.Build.0 = Release|Any CPU
	EndGlobalSection
	GlobalSection(SolutionProperties) = preSolution
		HideSolutionNode = FALSE
	EndGlobalSection
	GlobalSection(ExtensibilityGlobals) = postSolution
		SolutionGuid = {9C1F2810-E67D-4240-BB79-A7236533A39A}
	EndGlobalSection
EndGlobal
